
Microsoft Visual Studio Solution File, Format Version 12.00
# Visual Studio 2012
Project("{FAE04EC0-301F-11D3-BF4B-00C04F79EFBC}") = "简单工厂模式", "简单工厂模式\简单工厂模式.csproj", "{4A84E8DC-BD06-443E-A241-D39E1D57A9A3}"
EndProject
Project("{2150E333-8FDC-42A3-9474-1A3956D46DE8}") = "创建型模式", "创建型模式", "{606DB65D-DB79-4E9D-A94E-C62A502C37AF}"
EndProject
Project("{FAE04EC0-301F-11D3-BF4B-00C04F79EFBC}") = "1.单例模式（Singleton Pattern）", "1.单例模式（Singleton Pattern）\1.单例模式（Singleton Pattern）.csproj", "{245F54F2-54EC-4A9B-B85A-E29137FADC8C}"
EndProject
Project("{2150E333-8FDC-42A3-9474-1A3956D46DE8}") = "行为型模式", "行为型模式", "{6562DBD8-1308-4270-A3C5-845710D940B8}"
EndProject
Project("{FAE04EC0-301F-11D3-BF4B-00C04F79EFBC}") = "23.策略模式（Strategy Pattern）", "23.策略模式（Strategy Pattern）\23.策略模式（Strategy Pattern）.csproj", "{143C5678-C5F3-472D-A6DC-BE29ED242BDB}"
EndProject
Project("{2150E333-8FDC-42A3-9474-1A3956D46DE8}") = "结构型模式", "结构型模式", "{D5660442-9BE0-41B3-A785-0B392FB9DF20}"
EndProject
Project("{FAE04EC0-301F-11D3-BF4B-00C04F79EFBC}") = "09.装饰模式（Decorator Pattern）", "9.装饰模式（Decorator Pattern）\09.装饰模式（Decorator Pattern）.csproj", "{124B2F12-5416-48AB-8D27-AA23CEAEC1EF}"
EndProject
Project("{FAE04EC0-301F-11D3-BF4B-00C04F79EFBC}") = "13.代理模式（Proxy Pattern）", "13.代理模式（Proxy Pattern）\13.代理模式（Proxy Pattern）.csproj", "{B7478CDB-2EFF-4077-904F-D8417E601BEF}"
EndProject
Project("{FAE04EC0-301F-11D3-BF4B-00C04F79EFBC}") = "4.工厂方法（Factory Method）", "4.工厂方法（Factory Method）\4.工厂方法（Factory Method）.csproj", "{01130C83-81FF-49DD-BA59-2FF6C0B559C0}"
EndProject
Project("{FAE04EC0-301F-11D3-BF4B-00C04F79EFBC}") = "5.原型模式（Prototype Pattern）", "5.原型模式（Prototype Pattern）\5.原型模式（Prototype Pattern）.csproj", "{06B9B405-2F81-4D4D-AFF7-68AB77E58038}"
EndProject
Project("{FAE04EC0-301F-11D3-BF4B-00C04F79EFBC}") = "15.模版方法模式（Template Method）", "15.模版方法模式（Template Method）\15.模版方法模式（Template Method）.csproj", "{8931E80E-F4B4-49CB-8291-3367FD2B5796}"
EndProject
Project("{FAE04EC0-301F-11D3-BF4B-00C04F79EFBC}") = "11.外观模式（Façade Pattern）", "11.外观模式（Façade Pattern）\11.外观模式（Façade Pattern）.csproj", "{B6BAE6AE-4DB5-41C0-BDBD-1104ADE8835E}"
EndProject
Project("{FAE04EC0-301F-11D3-BF4B-00C04F79EFBC}") = "3.建造者模式（Builder Pattern）", "3.建造者模式（Builder Pattern）\3.建造者模式（Builder Pattern）.csproj", "{0064317F-C31D-45D4-93A3-8F044DD9190C}"
EndProject
Project("{FAE04EC0-301F-11D3-BF4B-00C04F79EFBC}") = "18.观察者模式(Observer Pattern)", "18.观察者模式(Observer Pattern)\18.观察者模式(Observer Pattern).csproj", "{F5722807-38B0-45BF-84DB-23513353F283}"
EndProject
Global
	GlobalSection(SolutionConfigurationPlatforms) = preSolution
		Debug|Any CPU = Debug|Any CPU
		Release|Any CPU = Release|Any CPU
	EndGlobalSection
	GlobalSection(ProjectConfigurationPlatforms) = postSolution
		{4A84E8DC-BD06-443E-A241-D39E1D57A9A3}.Debug|Any CPU.ActiveCfg = Debug|Any CPU
		{4A84E8DC-BD06-443E-A241-D39E1D57A9A3}.Debug|Any CPU.Build.0 = Debug|Any CPU
		{4A84E8DC-BD06-443E-A241-D39E1D57A9A3}.Release|Any CPU.ActiveCfg = Release|Any CPU
		{4A84E8DC-BD06-443E-A241-D39E1D57A9A3}.Release|Any CPU.Build.0 = Release|Any CPU
		{245F54F2-54EC-4A9B-B85A-E29137FADC8C}.Debug|Any CPU.ActiveCfg = Debug|Any CPU
		{245F54F2-54EC-4A9B-B85A-E29137FADC8C}.Debug|Any CPU.Build.0 = Debug|Any CPU
		{245F54F2-54EC-4A9B-B85A-E29137FADC8C}.Release|Any CPU.ActiveCfg = Release|Any CPU
		{245F54F2-54EC-4A9B-B85A-E29137FADC8C}.Release|Any CPU.Build.0 = Release|Any CPU
		{143C5678-C5F3-472D-A6DC-BE29ED242BDB}.Debug|Any CPU.ActiveCfg = Debug|Any CPU
		{143C5678-C5F3-472D-A6DC-BE29ED242BDB}.Debug|Any CPU.Build.0 = Debug|Any CPU
		{143C5678-C5F3-472D-A6DC-BE29ED242BDB}.Release|Any CPU.ActiveCfg = Release|Any CPU
		{143C5678-C5F3-472D-A6DC-BE29ED242BDB}.Release|Any CPU.Build.0 = Release|Any CPU
		{124B2F12-5416-48AB-8D27-AA23CEAEC1EF}.Debug|Any CPU.ActiveCfg = Debug|Any CPU
		{124B2F12-5416-48AB-8D27-AA23CEAEC1EF}.Debug|Any CPU.Build.0 = Debug|Any CPU
		{124B2F12-5416-48AB-8D27-AA23CEAEC1EF}.Release|Any CPU.ActiveCfg = Release|Any CPU
		{124B2F12-5416-48AB-8D27-AA23CEAEC1EF}.Release|Any CPU.Build.0 = Release|Any CPU
		{B7478CDB-2EFF-4077-904F-D8417E601BEF}.Debug|Any CPU.ActiveCfg = Debug|Any CPU
		{B7478CDB-2EFF-4077-904F-D8417E601BEF}.Debug|Any CPU.Build.0 = Debug|Any CPU
		{B7478CDB-2EFF-4077-904F-D8417E601BEF}.Release|Any CPU.ActiveCfg = Release|Any CPU
		{B7478CDB-2EFF-4077-904F-D8417E601BEF}.Release|Any CPU.Build.0 = Release|Any CPU
		{01130C83-81FF-49DD-BA59-2FF6C0B559C0}.Debug|Any CPU.ActiveCfg = Debug|Any CPU
		{01130C83-81FF-49DD-BA59-2FF6C0B559C0}.Debug|Any CPU.Build.0 = Debug|Any CPU
		{01130C83-81FF-49DD-BA59-2FF6C0B559C0}.Release|Any CPU.ActiveCfg = Release|Any CPU
		{01130C83-81FF-49DD-BA59-2FF6C0B559C0}.Release|Any CPU.Build.0 = Release|Any CPU
		{06B9B405-2F81-4D4D-AFF7-68AB77E58038}.Debug|Any CPU.ActiveCfg = Debug|Any CPU
		{06B9B405-2F81-4D4D-AFF7-68AB77E58038}.Debug|Any CPU.Build.0 = Debug|Any CPU
		{06B9B405-2F81-4D4D-AFF7-68AB77E58038}.Release|Any CPU.ActiveCfg = Release|Any CPU
		{06B9B405-2F81-4D4D-AFF7-68AB77E58038}.Release|Any CPU.Build.0 = Release|Any CPU
		{8931E80E-F4B4-49CB-8291-3367FD2B5796}.Debug|Any CPU.ActiveCfg = Debug|Any CPU
		{8931E80E-F4B4-49CB-8291-3367FD2B5796}.Debug|Any CPU.Build.0 = Debug|Any CPU
		{8931E80E-F4B4-49CB-8291-3367FD2B5796}.Release|Any CPU.ActiveCfg = Release|Any CPU
		{8931E80E-F4B4-49CB-8291-3367FD2B5796}.Release|Any CPU.Build.0 = Release|Any CPU
		{B6BAE6AE-4DB5-41C0-BDBD-1104ADE8835E}.Debug|Any CPU.ActiveCfg = Debug|Any CPU
		{B6BAE6AE-4DB5-41C0-BDBD-1104ADE8835E}.Debug|Any CPU.Build.0 = Debug|Any CPU
		{B6BAE6AE-4DB5-41C0-BDBD-1104ADE8835E}.Release|Any CPU.ActiveCfg = Release|Any CPU
		{B6BAE6AE-4DB5-41C0-BDBD-1104ADE8835E}.Release|Any CPU.Build.0 = Release|Any CPU
		{0064317F-C31D-45D4-93A3-8F044DD9190C}.Debug|Any CPU.ActiveCfg = Debug|Any CPU
		{0064317F-C31D-45D4-93A3-8F044DD9190C}.Debug|Any CPU.Build.0 = Debug|Any CPU
		{0064317F-C31D-45D4-93A3-8F044DD9190C}.Release|Any CPU.ActiveCfg = Release|Any CPU
		{0064317F-C31D-45D4-93A3-8F044DD9190C}.Release|Any CPU.Build.0 = Release|Any CPU
		{F5722807-38B0-45BF-84DB-23513353F283}.Debug|Any CPU.ActiveCfg = Debug|Any CPU
		{F5722807-38B0-45BF-84DB-23513353F283}.Debug|Any CPU.Build.0 = Debug|Any CPU
		{F5722807-38B0-45BF-84DB-23513353F283}.Release|Any CPU.ActiveCfg = Release|Any CPU
		{F5722807-38B0-45BF-84DB-23513353F283}.Release|Any CPU.Build.0 = Release|Any CPU
	EndGlobalSection
	GlobalSection(SolutionProperties) = preSolution
		HideSolutionNode = FALSE
	EndGlobalSection
	GlobalSection(NestedProjects) = preSolution
		{245F54F2-54EC-4A9B-B85A-E29137FADC8C} = {606DB65D-DB79-4E9D-A94E-C62A502C37AF}
		{01130C83-81FF-49DD-BA59-2FF6C0B559C0} = {606DB65D-DB79-4E9D-A94E-C62A502C37AF}
		{06B9B405-2F81-4D4D-AFF7-68AB77E58038} = {606DB65D-DB79-4E9D-A94E-C62A502C37AF}
		{0064317F-C31D-45D4-93A3-8F044DD9190C} = {606DB65D-DB79-4E9D-A94E-C62A502C37AF}
		{143C5678-C5F3-472D-A6DC-BE29ED242BDB} = {6562DBD8-1308-4270-A3C5-845710D940B8}
		{8931E80E-F4B4-49CB-8291-3367FD2B5796} = {6562DBD8-1308-4270-A3C5-845710D940B8}
		{F5722807-38B0-45BF-84DB-23513353F283} = {6562DBD8-1308-4270-A3C5-845710D940B8}
		{124B2F12-5416-48AB-8D27-AA23CEAEC1EF} = {D5660442-9BE0-41B3-A785-0B392FB9DF20}
		{B7478CDB-2EFF-4077-904F-D8417E601BEF} = {D5660442-9BE0-41B3-A785-0B392FB9DF20}
		{B6BAE6AE-4DB5-41C0-BDBD-1104ADE8835E} = {D5660442-9BE0-41B3-A785-0B392FB9DF20}
	EndGlobalSection
EndGlobal
